
Microsoft Visual Studio Solution File, Format Version 12.00
# Visual Studio 2013
VisualStudioVersion = 12.0.31101.0
MinimumVisualStudioVersion = 10.0.40219.1
Project("{FAE04EC0-301F-11D3-BF4B-00C04F79EFBC}") = "Chatbot_HM_11", "Chatbot_HM_11\Chatbot_HM_11.csproj", "{CF18A4B3-EF30-49F7-8E49-6267E77A2AAD}"
EndProject
Global
	GlobalSection(SolutionConfigurationPlatforms) = preSolution
		Debug|Any CPU = Debug|Any CPU
		Release|Any CPU = Release|Any CPU
	EndGlobalSection
	GlobalSection(ProjectConfigurationPlatforms) = postSolution
		{CF18A4B3-EF30-49F7-8E49-6267E77A2AAD}.Debug|Any CPU.ActiveCfg = Debug|Any CPU
		{CF18A4B3-EF30-49F7-8E49-6267E77A2AAD}.Debug|Any CPU.Build.0 = Debug|Any CPU
		{CF18A4B3-EF30-49F7-8E49-6267E77A2AAD}.Release|Any CPU.ActiveCfg = Release|Any CPU
		{CF18A4B3-EF30-49F7-8E49-6267E77A2AAD}.Release|Any CPU.Build.0 = Release|Any CPU
	EndGlobalSection
	GlobalSection(SolutionProperties) = preSolution
		HideSolutionNode = FALSE
	EndGlobalSection
EndGlobal
