
Microsoft Visual Studio Solution File, Format Version 12.00
# Visual Studio 2013
VisualStudioVersion = 12.0.31101.0
MinimumVisualStudioVersion = 10.0.40219.1
Project("{FAE04EC0-301F-11D3-BF4B-00C04F79EFBC}") = "HM_11_qq", "HM_11_qq\HM_11_qq.csproj", "{B26727E1-DF4B-475D-A6FE-849FCA8D0C81}"
EndProject
Project("{FAE04EC0-301F-11D3-BF4B-00C04F79EFBC}") = "TestForm", "TestForm\TestForm.csproj", "{9717FD3C-BBE2-40CC-A6BE-01DABB5687BB}"
EndProject
Global
	GlobalSection(SolutionConfigurationPlatforms) = preSolution
		Debug|Any CPU = Debug|Any CPU
		Release|Any CPU = Release|Any CPU
	EndGlobalSection
	GlobalSection(ProjectConfigurationPlatforms) = postSolution
		{B26727E1-DF4B-475D-A6FE-849FCA8D0C81}.Debug|Any CPU.ActiveCfg = Debug|Any CPU
		{B26727E1-DF4B-475D-A6FE-849FCA8D0C81}.Debug|Any CPU.Build.0 = Debug|Any CPU
		{B26727E1-DF4B-475D-A6FE-849FCA8D0C81}.Release|Any CPU.ActiveCfg = Release|Any CPU
		{B26727E1-DF4B-475D-A6FE-849FCA8D0C81}.Release|Any CPU.Build.0 = Release|Any CPU
		{9717FD3C-BBE2-40CC-A6BE-01DABB5687BB}.Debug|Any CPU.ActiveCfg = Debug|Any CPU
		{9717FD3C-BBE2-40CC-A6BE-01DABB5687BB}.Debug|Any CPU.Build.0 = Debug|Any CPU
		{9717FD3C-BBE2-40CC-A6BE-01DABB5687BB}.Release|Any CPU.ActiveCfg = Release|Any CPU
		{9717FD3C-BBE2-40CC-A6BE-01DABB5687BB}.Release|Any CPU.Build.0 = Release|Any CPU
	EndGlobalSection
	GlobalSection(SolutionProperties) = preSolution
		HideSolutionNode = FALSE
	EndGlobalSection
EndGlobal
