
Microsoft Visual Studio Solution File, Format Version 12.00
# Visual Studio 15
VisualStudioVersion = 15.0.26430.12
MinimumVisualStudioVersion = 10.0.40219.1
Project("{FAE04EC0-301F-11D3-BF4B-00C04F79EFBC}") = "TestForm", "TestForm\TestForm.csproj", "{9717FD3C-BBE2-40CC-A6BE-01DABB5687BB}"
EndProject
Project("{FAE04EC0-301F-11D3-BF4B-00C04F79EFBC}") = "HM.Eleven.QQPlugins", "HM.Eleven.QQPlugin\HM.Eleven.QQPlugins.csproj", "{53B67B7A-EFB0-437E-9A94-64FD2E167ECF}"
EndProject
Project("{FAE04EC0-301F-11D3-BF4B-00C04F79EFBC}") = "WechatConn", "WechatConn\WechatConn.csproj", "{4F95324B-CFDE-4A00-B446-7388CDE0F384}"
EndProject
Global
	GlobalSection(SolutionConfigurationPlatforms) = preSolution
		Debug|Any CPU = Debug|Any CPU
		Release|Any CPU = Release|Any CPU
	EndGlobalSection
	GlobalSection(ProjectConfigurationPlatforms) = postSolution
		{9717FD3C-BBE2-40CC-A6BE-01DABB5687BB}.Debug|Any CPU.ActiveCfg = Debug|Any CPU
		{9717FD3C-BBE2-40CC-A6BE-01DABB5687BB}.Debug|Any CPU.Build.0 = Debug|Any CPU
		{9717FD3C-BBE2-40CC-A6BE-01DABB5687BB}.Release|Any CPU.ActiveCfg = Release|Any CPU
		{9717FD3C-BBE2-40CC-A6BE-01DABB5687BB}.Release|Any CPU.Build.0 = Release|Any CPU
		{53B67B7A-EFB0-437E-9A94-64FD2E167ECF}.Debug|Any CPU.ActiveCfg = Debug|Any CPU
		{53B67B7A-EFB0-437E-9A94-64FD2E167ECF}.Debug|Any CPU.Build.0 = Debug|Any CPU
		{53B67B7A-EFB0-437E-9A94-64FD2E167ECF}.Release|Any CPU.ActiveCfg = Release|Any CPU
		{53B67B7A-EFB0-437E-9A94-64FD2E167ECF}.Release|Any CPU.Build.0 = Release|Any CPU
		{4F95324B-CFDE-4A00-B446-7388CDE0F384}.Debug|Any CPU.ActiveCfg = Debug|Any CPU
		{4F95324B-CFDE-4A00-B446-7388CDE0F384}.Debug|Any CPU.Build.0 = Debug|Any CPU
		{4F95324B-CFDE-4A00-B446-7388CDE0F384}.Release|Any CPU.ActiveCfg = Release|Any CPU
		{4F95324B-CFDE-4A00-B446-7388CDE0F384}.Release|Any CPU.Build.0 = Release|Any CPU
	EndGlobalSection
	GlobalSection(SolutionProperties) = preSolution
		HideSolutionNode = FALSE
	EndGlobalSection
EndGlobal
